
Microsoft Visual Studio Solution File, Format Version 12.00
# Visual Studio Version 17
VisualStudioVersion = 17.9.34622.214
MinimumVisualStudioVersion = 10.0.40219.1
Project("{FAE04EC0-301F-11D3-BF4B-00C04F79EFBC}") = "HelloFromCsharp", "HelloFromCsharp\HelloFromCsharp.csproj", "{C4EFECC4-2DAB-4769-83A3-2C26FD2E7E42}"
EndProject
Global
	GlobalSection(SolutionConfigurationPlatforms) = preSolution
		Debug|Any CPU = Debug|Any CPU
		Release|Any CPU = Release|Any CPU
	EndGlobalSection
	GlobalSection(ProjectConfigurationPlatforms) = postSolution
		{C4EFECC4-2DAB-4769-83A3-2C26FD2E7E42}.Debug|Any CPU.ActiveCfg = Debug|Any CPU
		{C4EFECC4-2DAB-4769-83A3-2C26FD2E7E42}.Debug|Any CPU.Build.0 = Debug|Any CPU
		{C4EFECC4-2DAB-4769-83A3-2C26FD2E7E42}.Release|Any CPU.ActiveCfg = Release|Any CPU
		{C4EFECC4-2DAB-4769-83A3-2C26FD2E7E42}.Release|Any CPU.Build.0 = Release|Any CPU
	EndGlobalSection
	GlobalSection(SolutionProperties) = preSolution
		HideSolutionNode = FALSE
	EndGlobalSection
	GlobalSection(ExtensibilityGlobals) = postSolution
		SolutionGuid = {AF36C7E6-D7EA-45AD-B366-DC0C33E89771}
	EndGlobalSection
EndGlobal
